
Microsoft Visual Studio Solution File, Format Version 12.00
# Visual Studio Version 17
VisualStudioVersion = 17.4.33213.308
MinimumVisualStudioVersion = 10.0.40219.1
Project("{FAE04EC0-301F-11D3-BF4B-00C04F79EFBC}") = "FP_Task_two", "FP_Task_two\FP_Task_two.csproj", "{F4E265F6-34CC-4FE3-99E1-D85D261DDEFA}"
EndProject
Global
	GlobalSection(SolutionConfigurationPlatforms) = preSolution
		Debug|Any CPU = Debug|Any CPU
		Release|Any CPU = Release|Any CPU
	EndGlobalSection
	GlobalSection(ProjectConfigurationPlatforms) = postSolution
		{F4E265F6-34CC-4FE3-99E1-D85D261DDEFA}.Debug|Any CPU.ActiveCfg = Debug|Any CPU
		{F4E265F6-34CC-4FE3-99E1-D85D261DDEFA}.Debug|Any CPU.Build.0 = Debug|Any CPU
		{F4E265F6-34CC-4FE3-99E1-D85D261DDEFA}.Release|Any CPU.ActiveCfg = Release|Any CPU
		{F4E265F6-34CC-4FE3-99E1-D85D261DDEFA}.Release|Any CPU.Build.0 = Release|Any CPU
	EndGlobalSection
	GlobalSection(SolutionProperties) = preSolution
		HideSolutionNode = FALSE
	EndGlobalSection
	GlobalSection(ExtensibilityGlobals) = postSolution
		SolutionGuid = {53330345-C254-4885-BD69-D85B05BAE60C}
	EndGlobalSection
EndGlobal
